
Microsoft Visual Studio Solution File, Format Version 12.00
# Visual Studio 14
VisualStudioVersion = 14.0.23107.0
MinimumVisualStudioVersion = 10.0.40219.1
Project("{FAE04EC0-301F-11D3-BF4B-00C04F79EFBC}") = "WebApplication46", "WebApplication46\WebApplication46.csproj", "{EDE9D160-7EC0-4459-83F6-25F27AACA788}"
EndProject
Global
	GlobalSection(SolutionConfigurationPlatforms) = preSolution
		Debug|Any CPU = Debug|Any CPU
		Release|Any CPU = Release|Any CPU
	EndGlobalSection
	GlobalSection(ProjectConfigurationPlatforms) = postSolution
		{EDE9D160-7EC0-4459-83F6-25F27AACA788}.Debug|Any CPU.ActiveCfg = Debug|Any CPU
		{EDE9D160-7EC0-4459-83F6-25F27AACA788}.Debug|Any CPU.Build.0 = Debug|Any CPU
		{EDE9D160-7EC0-4459-83F6-25F27AACA788}.Release|Any CPU.ActiveCfg = Release|Any CPU
		{EDE9D160-7EC0-4459-83F6-25F27AACA788}.Release|Any CPU.Build.0 = Release|Any CPU
	EndGlobalSection
	GlobalSection(SolutionProperties) = preSolution
		HideSolutionNode = FALSE
	EndGlobalSection
EndGlobal
